
Microsoft Visual Studio Solution File, Format Version 12.00
# Visual Studio Version 16
VisualStudioVersion = 16.0.31005.135
MinimumVisualStudioVersion = 10.0.40219.1
Project("{FAE04EC0-301F-11D3-BF4B-00C04F79EFBC}") = "perceptron", "perceptron\perceptron.csproj", "{153B2032-F2E0-42E7-A8C0-FE27FF5220FB}"
EndProject
Global
	GlobalSection(SolutionConfigurationPlatforms) = preSolution
		Debug|Any CPU = Debug|Any CPU
		Release|Any CPU = Release|Any CPU
	EndGlobalSection
	GlobalSection(ProjectConfigurationPlatforms) = postSolution
		{153B2032-F2E0-42E7-A8C0-FE27FF5220FB}.Debug|Any CPU.ActiveCfg = Debug|Any CPU
		{153B2032-F2E0-42E7-A8C0-FE27FF5220FB}.Debug|Any CPU.Build.0 = Debug|Any CPU
		{153B2032-F2E0-42E7-A8C0-FE27FF5220FB}.Release|Any CPU.ActiveCfg = Release|Any CPU
		{153B2032-F2E0-42E7-A8C0-FE27FF5220FB}.Release|Any CPU.Build.0 = Release|Any CPU
	EndGlobalSection
	GlobalSection(SolutionProperties) = preSolution
		HideSolutionNode = FALSE
	EndGlobalSection
	GlobalSection(ExtensibilityGlobals) = postSolution
		SolutionGuid = {60BFABBE-0F2F-45F7-BCB2-48507E3D3AE8}
	EndGlobalSection
EndGlobal
