
Microsoft Visual Studio Solution File, Format Version 12.00
# Visual Studio Version 16
VisualStudioVersion = 16.0.31729.503
MinimumVisualStudioVersion = 10.0.40219.1
Project("{FAE04EC0-301F-11D3-BF4B-00C04F79EFBC}") = "GradientDescentNN", "GradientDescentNN\GradientDescentNN.csproj", "{A5AC06B1-8785-4EDC-8002-45B0F222D3BB}"
EndProject
Global
	GlobalSection(SolutionConfigurationPlatforms) = preSolution
		Debug|Any CPU = Debug|Any CPU
		Release|Any CPU = Release|Any CPU
	EndGlobalSection
	GlobalSection(ProjectConfigurationPlatforms) = postSolution
		{A5AC06B1-8785-4EDC-8002-45B0F222D3BB}.Debug|Any CPU.ActiveCfg = Debug|Any CPU
		{A5AC06B1-8785-4EDC-8002-45B0F222D3BB}.Debug|Any CPU.Build.0 = Debug|Any CPU
		{A5AC06B1-8785-4EDC-8002-45B0F222D3BB}.Release|Any CPU.ActiveCfg = Release|Any CPU
		{A5AC06B1-8785-4EDC-8002-45B0F222D3BB}.Release|Any CPU.Build.0 = Release|Any CPU
	EndGlobalSection
	GlobalSection(SolutionProperties) = preSolution
		HideSolutionNode = FALSE
	EndGlobalSection
	GlobalSection(ExtensibilityGlobals) = postSolution
		SolutionGuid = {ADF3DCC1-64F9-4866-AFEB-9E0BDA3884D8}
	EndGlobalSection
EndGlobal
